// !$*UTF8*$!
{
	archiveVersion = 1;
	classes = {
	};
	objectVersion = 51;
	objects = {

/* Begin PBXBuildFile section */
		1E3A2F022861DA2200DE36B8 /* TeamDetailsViewController.swift in Sources */ = {isa = PBXBuildFile; fileRef = 1E3A2F012861DA2200DE36B8 /* TeamDetailsViewController.swift */; };
		1EC2174F285E5DF600856354 /* AppDelegate.swift in Sources */ = {isa = PBXBuildFile; fileRef = 1EC2174E285E5DF600856354 /* AppDelegate.swift */; };
		1EC21751285E5DF600856354 /* SceneDelegate.swift in Sources */ = {isa = PBXBuildFile; fileRef = 1EC21750285E5DF600856354 /* SceneDelegate.swift */; };
		1EC21753285E5DF600856354 /* LeagueDetailsViewController.swift in Sources */ = {isa = PBXBuildFile; fileRef = 1EC21752285E5DF600856354 /* LeagueDetailsViewController.swift */; };
		1EC21756285E5DF600856354 /* Main.storyboard in Resources */ = {isa = PBXBuildFile; fileRef = 1EC21754285E5DF600856354 /* Main.storyboard */; };
		1EC21759285E5DF600856354 /* SportsApp.xcdatamodeld in Sources */ = {isa = PBXBuildFile; fileRef = 1EC21757285E5DF600856354 /* SportsApp.xcdatamodeld */; };
		1EC2175B285E5DFA00856354 /* Assets.xcassets in Resources */ = {isa = PBXBuildFile; fileRef = 1EC2175A285E5DFA00856354 /* Assets.xcassets */; };
		1EC2175E285E5DFA00856354 /* LaunchScreen.storyboard in Resources */ = {isa = PBXBuildFile; fileRef = 1EC2175C285E5DFA00856354 /* LaunchScreen.storyboard */; };
		1EC21768285E617D00856354 /* MainCollectionViewController.swift in Sources */ = {isa = PBXBuildFile; fileRef = 1EC21767285E617D00856354 /* MainCollectionViewController.swift */; };
		1EC2176B285E61AB00856354 /* MainCollectionViewCell.swift in Sources */ = {isa = PBXBuildFile; fileRef = 1EC21769285E61AB00856354 /* MainCollectionViewCell.swift */; };
		1EC2176C285E61AB00856354 /* MainCollectionViewCell.xib in Resources */ = {isa = PBXBuildFile; fileRef = 1EC2176A285E61AB00856354 /* MainCollectionViewCell.xib */; };
		1EC2176F285E678900856354 /* Sport.swift in Sources */ = {isa = PBXBuildFile; fileRef = 1EC2176E285E678900856354 /* Sport.swift */; };
		1EC21772285E67FF00856354 /* ApiServices.swift in Sources */ = {isa = PBXBuildFile; fileRef = 1EC21771285E67FF00856354 /* ApiServices.swift */; };
		1EC21774285E680F00856354 /* UrlServices.swift in Sources */ = {isa = PBXBuildFile; fileRef = 1EC21773285E680F00856354 /* UrlServices.swift */; };
		1EC21777285E68C400856354 /* NetworkManager.swift in Sources */ = {isa = PBXBuildFile; fileRef = 1EC21776285E68C400856354 /* NetworkManager.swift */; };
		1EC2177A285E694F00856354 /* JsonDecoder.swift in Sources */ = {isa = PBXBuildFile; fileRef = 1EC21779285E694F00856354 /* JsonDecoder.swift */; };
		1EC2177D285E6A5900856354 /* IMainContract.swift in Sources */ = {isa = PBXBuildFile; fileRef = 1EC2177C285E6A5900856354 /* IMainContract.swift */; };
		1EC21780285E6AF800856354 /* MainModelController.swift in Sources */ = {isa = PBXBuildFile; fileRef = 1EC2177F285E6AF800856354 /* MainModelController.swift */; };
		1EC21783285E6C1200856354 /* MainPresenter.swift in Sources */ = {isa = PBXBuildFile; fileRef = 1EC21782285E6C1200856354 /* MainPresenter.swift */; };
		1EDCD3AD286259FC008538FF /* FavouritesViewController.swift in Sources */ = {isa = PBXBuildFile; fileRef = 1EDCD3AC286259FC008538FF /* FavouritesViewController.swift */; };
		1EDCD3AF28625B8B008538FF /* DatabaseManager.swift in Sources */ = {isa = PBXBuildFile; fileRef = 1EDCD3AE28625B8B008538FF /* DatabaseManager.swift */; };
		1EDCD3B128625CD0008538FF /* IFavouriteLeagueContract.swift in Sources */ = {isa = PBXBuildFile; fileRef = 1EDCD3B028625CD0008538FF /* IFavouriteLeagueContract.swift */; };
		1EDCD3B328625D74008538FF /* FavouriteLeagueModelController.swift in Sources */ = {isa = PBXBuildFile; fileRef = 1EDCD3B228625D74008538FF /* FavouriteLeagueModelController.swift */; };
		1EDCD3B528625F7D008538FF /* FavouriteLeaguePresenter.swift in Sources */ = {isa = PBXBuildFile; fileRef = 1EDCD3B428625F7D008538FF /* FavouriteLeaguePresenter.swift */; };
		1EDCD3B7286265C5008538FF /* DatabaseServices.swift in Sources */ = {isa = PBXBuildFile; fileRef = 1EDCD3B6286265C5008538FF /* DatabaseServices.swift */; };
		1EDE18B3285E9ABE00D048A2 /* LeaguesTableViewController.swift in Sources */ = {isa = PBXBuildFile; fileRef = 1EDE18B2285E9ABE00D048A2 /* LeaguesTableViewController.swift */; };
		1EDE18B6285E9B1500D048A2 /* LeagueTableViewCell.swift in Sources */ = {isa = PBXBuildFile; fileRef = 1EDE18B4285E9B1500D048A2 /* LeagueTableViewCell.swift */; };
		1EDE18B7285E9B1500D048A2 /* LeagueTableViewCell.xib in Resources */ = {isa = PBXBuildFile; fileRef = 1EDE18B5285E9B1500D048A2 /* LeagueTableViewCell.xib */; };
		1EE1A04F28612ED800F90877 /* Team.swift in Sources */ = {isa = PBXBuildFile; fileRef = 1EE1A04E28612ED800F90877 /* Team.swift */; };
		1EE1A05228613BD900F90877 /* TeamCollectionViewCell.swift in Sources */ = {isa = PBXBuildFile; fileRef = 1EE1A05028613BD900F90877 /* TeamCollectionViewCell.swift */; };
		1EE1A0542861429A00F90877 /* TeamCollectionViewCell.xib in Resources */ = {isa = PBXBuildFile; fileRef = 1EE1A05128613BD900F90877 /* TeamCollectionViewCell.xib */; };
		1EE7A86B2863CD6B005D8631 /* LeagueView.swift in Sources */ = {isa = PBXBuildFile; fileRef = 1EE7A86A2863CD6B005D8631 /* LeagueView.swift */; };
		1EEDEC362860807F00F28FFD /* UpcomingEventsCollectionViewCell.swift in Sources */ = {isa = PBXBuildFile; fileRef = 1EEDEC342860807F00F28FFD /* UpcomingEventsCollectionViewCell.swift */; };
		1EEDEC372860807F00F28FFD /* UpcomingEventsCollectionViewCell.xib in Resources */ = {isa = PBXBuildFile; fileRef = 1EEDEC352860807F00F28FFD /* UpcomingEventsCollectionViewCell.xib */; };
		1EEDEC3A2860842100F28FFD /* LatestResultTableViewCell.swift in Sources */ = {isa = PBXBuildFile; fileRef = 1EEDEC382860842100F28FFD /* LatestResultTableViewCell.swift */; };
		1EEDEC3B2860842100F28FFD /* LatestResultTableViewCell.xib in Resources */ = {isa = PBXBuildFile; fileRef = 1EEDEC392860842100F28FFD /* LatestResultTableViewCell.xib */; };
		1EEDEC3D2860888D00F28FFD /* LeagueDetails.swift in Sources */ = {isa = PBXBuildFile; fileRef = 1EEDEC3C2860888D00F28FFD /* LeagueDetails.swift */; };
		1EEDEC3F28608C9700F28FFD /* ILeagueDetailsContract.swift in Sources */ = {isa = PBXBuildFile; fileRef = 1EEDEC3E28608C9700F28FFD /* ILeagueDetailsContract.swift */; };
		1EEDEC4128608D7F00F28FFD /* LeagueDetailsModelController.swift in Sources */ = {isa = PBXBuildFile; fileRef = 1EEDEC4028608D7F00F28FFD /* LeagueDetailsModelController.swift */; };
		1EEDEC4328608EDD00F28FFD /* LeagueDetailsPresnter.swift in Sources */ = {isa = PBXBuildFile; fileRef = 1EEDEC4228608EDD00F28FFD /* LeagueDetailsPresnter.swift */; };
		1EF1BA45285F9615003E9839 /* League.swift in Sources */ = {isa = PBXBuildFile; fileRef = 1EF1BA44285F9615003E9839 /* League.swift */; };
		1EF1BA47285F9895003E9839 /* ILeagueContract.swift in Sources */ = {isa = PBXBuildFile; fileRef = 1EF1BA46285F9895003E9839 /* ILeagueContract.swift */; };
		1EF1BA49285F9935003E9839 /* LeagueModelController.swift in Sources */ = {isa = PBXBuildFile; fileRef = 1EF1BA48285F9935003E9839 /* LeagueModelController.swift */; };
		1EF1BA4B285F9B7A003E9839 /* LeaguePresnter.swift in Sources */ = {isa = PBXBuildFile; fileRef = 1EF1BA4A285F9B7A003E9839 /* LeaguePresnter.swift */; };
		1EF2A337286245240067AB6C /* DBManager.swift in Sources */ = {isa = PBXBuildFile; fileRef = 1EF2A336286245240067AB6C /* DBManager.swift */; };
		1EFA23F32861582E0070C781 /* splash.json in Resources */ = {isa = PBXBuildFile; fileRef = 1EFA23F22861582E0070C781 /* splash.json */; };
		2169296B079590179A865BB0 /* Pods_SportsApp.framework in Frameworks */ = {isa = PBXBuildFile; fileRef = F2E03ACA5E105ADFAA789AD8 /* Pods_SportsApp.framework */; };
/* End PBXBuildFile section */

/* Begin PBXFileReference section */
		1827BDDA33C360EC0FAC1B48 /* Pods-SportsApp.debug.xcconfig */ = {isa = PBXFileReference; includeInIndex = 1; lastKnownFileType = text.xcconfig; name = "Pods-SportsApp.debug.xcconfig"; path = "Target Support Files/Pods-SportsApp/Pods-SportsApp.debug.xcconfig"; sourceTree = "<group>"; };
		1E3A2F012861DA2200DE36B8 /* TeamDetailsViewController.swift */ = {isa = PBXFileReference; lastKnownFileType = sourcecode.swift; path = TeamDetailsViewController.swift; sourceTree = "<group>"; };
		1EC2174B285E5DF600856354 /* SportsApp.app */ = {isa = PBXFileReference; explicitFileType = wrapper.application; includeInIndex = 0; path = SportsApp.app; sourceTree = BUILT_PRODUCTS_DIR; };
		1EC2174E285E5DF600856354 /* AppDelegate.swift */ = {isa = PBXFileReference; lastKnownFileType = sourcecode.swift; path = AppDelegate.swift; sourceTree = "<group>"; };
		1EC21750285E5DF600856354 /* SceneDelegate.swift */ = {isa = PBXFileReference; lastKnownFileType = sourcecode.swift; path = SceneDelegate.swift; sourceTree = "<group>"; };
		1EC21752285E5DF600856354 /* LeagueDetailsViewController.swift */ = {isa = PBXFileReference; lastKnownFileType = sourcecode.swift; path = LeagueDetailsViewController.swift; sourceTree = "<group>"; };
		1EC21755285E5DF600856354 /* Base */ = {isa = PBXFileReference; lastKnownFileType = file.storyboard; name = Base; path = Base.lproj/Main.storyboard; sourceTree = "<group>"; };
		1EC21758285E5DF600856354 /* SportsApp.xcdatamodel */ = {isa = PBXFileReference; lastKnownFileType = wrapper.xcdatamodel; path = SportsApp.xcdatamodel; sourceTree = "<group>"; };
		1EC2175A285E5DFA00856354 /* Assets.xcassets */ = {isa = PBXFileReference; lastKnownFileType = folder.assetcatalog; path = Assets.xcassets; sourceTree = "<group>"; };
		1EC2175D285E5DFA00856354 /* Base */ = {isa = PBXFileReference; lastKnownFileType = file.storyboard; name = Base; path = Base.lproj/LaunchScreen.storyboard; sourceTree = "<group>"; };
		1EC2175F285E5DFA00856354 /* Info.plist */ = {isa = PBXFileReference; lastKnownFileType = text.plist.xml; path = Info.plist; sourceTree = "<group>"; };
		1EC21767285E617D00856354 /* MainCollectionViewController.swift */ = {isa = PBXFileReference; lastKnownFileType = sourcecode.swift; path = MainCollectionViewController.swift; sourceTree = "<group>"; };
		1EC21769285E61AB00856354 /* MainCollectionViewCell.swift */ = {isa = PBXFileReference; lastKnownFileType = sourcecode.swift; path = MainCollectionViewCell.swift; sourceTree = "<group>"; };
		1EC2176A285E61AB00856354 /* MainCollectionViewCell.xib */ = {isa = PBXFileReference; lastKnownFileType = file.xib; path = MainCollectionViewCell.xib; sourceTree = "<group>"; };
		1EC2176E285E678900856354 /* Sport.swift */ = {isa = PBXFileReference; lastKnownFileType = sourcecode.swift; path = Sport.swift; sourceTree = "<group>"; };
		1EC21771285E67FF00856354 /* ApiServices.swift */ = {isa = PBXFileReference; lastKnownFileType = sourcecode.swift; path = ApiServices.swift; sourceTree = "<group>"; };
		1EC21773285E680F00856354 /* UrlServices.swift */ = {isa = PBXFileReference; lastKnownFileType = sourcecode.swift; path = UrlServices.swift; sourceTree = "<group>"; };
		1EC21776285E68C400856354 /* NetworkManager.swift */ = {isa = PBXFileReference; lastKnownFileType = sourcecode.swift; path = NetworkManager.swift; sourceTree = "<group>"; };
		1EC21779285E694F00856354 /* JsonDecoder.swift */ = {isa = PBXFileReference; lastKnownFileType = sourcecode.swift; path = JsonDecoder.swift; sourceTree = "<group>"; };
		1EC2177C285E6A5900856354 /* IMainContract.swift */ = {isa = PBXFileReference; lastKnownFileType = sourcecode.swift; path = IMainContract.swift; sourceTree = "<group>"; };
		1EC2177F285E6AF800856354 /* MainModelController.swift */ = {isa = PBXFileReference; lastKnownFileType = sourcecode.swift; path = MainModelController.swift; sourceTree = "<group>"; };
		1EC21782285E6C1200856354 /* MainPresenter.swift */ = {isa = PBXFileReference; lastKnownFileType = sourcecode.swift; path = MainPresenter.swift; sourceTree = "<group>"; };
		1EDCD3AC286259FC008538FF /* FavouritesViewController.swift */ = {isa = PBXFileReference; lastKnownFileType = sourcecode.swift; path = FavouritesViewController.swift; sourceTree = "<group>"; };
		1EDCD3AE28625B8B008538FF /* DatabaseManager.swift */ = {isa = PBXFileReference; lastKnownFileType = sourcecode.swift; path = DatabaseManager.swift; sourceTree = "<group>"; };
		1EDCD3B028625CD0008538FF /* IFavouriteLeagueContract.swift */ = {isa = PBXFileReference; lastKnownFileType = sourcecode.swift; path = IFavouriteLeagueContract.swift; sourceTree = "<group>"; };
		1EDCD3B228625D74008538FF /* FavouriteLeagueModelController.swift */ = {isa = PBXFileReference; lastKnownFileType = sourcecode.swift; path = FavouriteLeagueModelController.swift; sourceTree = "<group>"; };
		1EDCD3B428625F7D008538FF /* FavouriteLeaguePresenter.swift */ = {isa = PBXFileReference; lastKnownFileType = sourcecode.swift; path = FavouriteLeaguePresenter.swift; sourceTree = "<group>"; };
		1EDCD3B6286265C5008538FF /* DatabaseServices.swift */ = {isa = PBXFileReference; lastKnownFileType = sourcecode.swift; path = DatabaseServices.swift; sourceTree = "<group>"; };
		1EDE18B2285E9ABE00D048A2 /* LeaguesTableViewController.swift */ = {isa = PBXFileReference; lastKnownFileType = sourcecode.swift; path = LeaguesTableViewController.swift; sourceTree = "<group>"; };
		1EDE18B4285E9B1500D048A2 /* LeagueTableViewCell.swift */ = {isa = PBXFileReference; lastKnownFileType = sourcecode.swift; path = LeagueTableViewCell.swift; sourceTree = "<group>"; };
		1EDE18B5285E9B1500D048A2 /* LeagueTableViewCell.xib */ = {isa = PBXFileReference; lastKnownFileType = file.xib; path = LeagueTableViewCell.xib; sourceTree = "<group>"; };
		1EE1A04E28612ED800F90877 /* Team.swift */ = {isa = PBXFileReference; lastKnownFileType = sourcecode.swift; path = Team.swift; sourceTree = "<group>"; };
		1EE1A05028613BD900F90877 /* TeamCollectionViewCell.swift */ = {isa = PBXFileReference; lastKnownFileType = sourcecode.swift; path = TeamCollectionViewCell.swift; sourceTree = "<group>"; };
		1EE1A05128613BD900F90877 /* TeamCollectionViewCell.xib */ = {isa = PBXFileReference; lastKnownFileType = file.xib; path = TeamCollectionViewCell.xib; sourceTree = "<group>"; };
		1EE7A86A2863CD6B005D8631 /* LeagueView.swift */ = {isa = PBXFileReference; lastKnownFileType = sourcecode.swift; path = LeagueView.swift; sourceTree = "<group>"; };
		1EEDEC342860807F00F28FFD /* UpcomingEventsCollectionViewCell.swift */ = {isa = PBXFileReference; lastKnownFileType = sourcecode.swift; path = UpcomingEventsCollectionViewCell.swift; sourceTree = "<group>"; };
		1EEDEC352860807F00F28FFD /* UpcomingEventsCollectionViewCell.xib */ = {isa = PBXFileReference; lastKnownFileType = file.xib; path = UpcomingEventsCollectionViewCell.xib; sourceTree = "<group>"; };
		1EEDEC382860842100F28FFD /* LatestResultTableViewCell.swift */ = {isa = PBXFileReference; lastKnownFileType = sourcecode.swift; path = LatestResultTableViewCell.swift; sourceTree = "<group>"; };
		1EEDEC392860842100F28FFD /* LatestResultTableViewCell.xib */ = {isa = PBXFileReference; lastKnownFileType = file.xib; path = LatestResultTableViewCell.xib; sourceTree = "<group>"; };
		1EEDEC3C2860888D00F28FFD /* LeagueDetails.swift */ = {isa = PBXFileReference; lastKnownFileType = sourcecode.swift; path = LeagueDetails.swift; sourceTree = "<group>"; };
		1EEDEC3E28608C9700F28FFD /* ILeagueDetailsContract.swift */ = {isa = PBXFileReference; lastKnownFileType = sourcecode.swift; path = ILeagueDetailsContract.swift; sourceTree = "<group>"; };
		1EEDEC4028608D7F00F28FFD /* LeagueDetailsModelController.swift */ = {isa = PBXFileReference; lastKnownFileType = sourcecode.swift; path = LeagueDetailsModelController.swift; sourceTree = "<group>"; };
		1EEDEC4228608EDD00F28FFD /* LeagueDetailsPresnter.swift */ = {isa = PBXFileReference; lastKnownFileType = sourcecode.swift; path = LeagueDetailsPresnter.swift; sourceTree = "<group>"; };
		1EF1BA44285F9615003E9839 /* League.swift */ = {isa = PBXFileReference; lastKnownFileType = sourcecode.swift; path = League.swift; sourceTree = "<group>"; };
		1EF1BA46285F9895003E9839 /* ILeagueContract.swift */ = {isa = PBXFileReference; lastKnownFileType = sourcecode.swift; path = ILeagueContract.swift; sourceTree = "<group>"; };
		1EF1BA48285F9935003E9839 /* LeagueModelController.swift */ = {isa = PBXFileReference; lastKnownFileType = sourcecode.swift; path = LeagueModelController.swift; sourceTree = "<group>"; };
		1EF1BA4A285F9B7A003E9839 /* LeaguePresnter.swift */ = {isa = PBXFileReference; lastKnownFileType = sourcecode.swift; path = LeaguePresnter.swift; sourceTree = "<group>"; };
		1EF2A336286245240067AB6C /* DBManager.swift */ = {isa = PBXFileReference; lastKnownFileType = sourcecode.swift; path = DBManager.swift; sourceTree = "<group>"; };
		1EFA23F22861582E0070C781 /* splash.json */ = {isa = PBXFileReference; fileEncoding = 4; lastKnownFileType = text.json; path = splash.json; sourceTree = "<group>"; };
		2A86FFC8750C783EF2F38C8F /* Pods-SportsApp.release.xcconfig */ = {isa = PBXFileReference; includeInIndex = 1; lastKnownFileType = text.xcconfig; name = "Pods-SportsApp.release.xcconfig"; path = "Target Support Files/Pods-SportsApp/Pods-SportsApp.release.xcconfig"; sourceTree = "<group>"; };
		F2E03ACA5E105ADFAA789AD8 /* Pods_SportsApp.framework */ = {isa = PBXFileReference; explicitFileType = wrapper.framework; includeInIndex = 0; path = Pods_SportsApp.framework; sourceTree = BUILT_PRODUCTS_DIR; };
/* End PBXFileReference section */

/* Begin PBXFrameworksBuildPhase section */
		1EC21748285E5DF600856354 /* Frameworks */ = {
			isa = PBXFrameworksBuildPhase;
			buildActionMask = 2147483647;
			files = (
				2169296B079590179A865BB0 /* Pods_SportsApp.framework in Frameworks */,
			);
			runOnlyForDeploymentPostprocessing = 0;
		};
/* End PBXFrameworksBuildPhase section */

/* Begin PBXGroup section */
		1B930CB07244EBC0DBF504F9 /* Pods */ = {
			isa = PBXGroup;
			children = (
				1827BDDA33C360EC0FAC1B48 /* Pods-SportsApp.debug.xcconfig */,
				2A86FFC8750C783EF2F38C8F /* Pods-SportsApp.release.xcconfig */,
			);
			path = Pods;
			sourceTree = "<group>";
		};
		1E0873262862988A000119A4 /* Services */ = {
			isa = PBXGroup;
			children = (
				1EC21778285E693400856354 /* Utilitis */,
				1EC21775285E68A400856354 /* Network Service */,
				1EF2A3352862373F0067AB6C /* Database Service */,
			);
			path = Services;
			sourceTree = "<group>";
		};
		1EC21742285E5DF600856354 = {
			isa = PBXGroup;
			children = (
				1EC2174D285E5DF600856354 /* SportsApp */,
				1EC2174C285E5DF600856354 /* Products */,
				1B930CB07244EBC0DBF504F9 /* Pods */,
				AD71C1A0C5BFD658D92A10D7 /* Frameworks */,
			);
			sourceTree = "<group>";
		};
		1EC2174C285E5DF600856354 /* Products */ = {
			isa = PBXGroup;
			children = (
				1EC2174B285E5DF600856354 /* SportsApp.app */,
			);
			name = Products;
			sourceTree = "<group>";
		};
		1EC2174D285E5DF600856354 /* SportsApp */ = {
			isa = PBXGroup;
			children = (
				1ED04D40286723A9001B4F0D /* Views */,
				1ED04D3F2867233E001B4F0D /* Core */,
				1E0873262862988A000119A4 /* Services */,
				1EC21781285E6BDC00856354 /* Presenter */,
				1EC2177E285E6AD500856354 /* ModelController */,
				1EC2177B285E6A3200856354 /* Contracts */,
				1EC2176D285E676F00856354 /* Model */,
				1EC21754285E5DF600856354 /* Main.storyboard */,
				1EFA23F1286157D10070C781 /* Assets */,
				1EC2175F285E5DFA00856354 /* Info.plist */,
				1EC21757285E5DF600856354 /* SportsApp.xcdatamodeld */,
			);
			path = SportsApp;
			sourceTree = "<group>";
		};
		1EC2176D285E676F00856354 /* Model */ = {
			isa = PBXGroup;
			children = (
				1EC2176E285E678900856354 /* Sport.swift */,
				1EF1BA44285F9615003E9839 /* League.swift */,
				1EEDEC3C2860888D00F28FFD /* LeagueDetails.swift */,
				1EE1A04E28612ED800F90877 /* Team.swift */,
			);
			path = Model;
			sourceTree = "<group>";
		};
		1EC21775285E68A400856354 /* Network Service */ = {
			isa = PBXGroup;
			children = (
				1EC21773285E680F00856354 /* UrlServices.swift */,
				1EC21771285E67FF00856354 /* ApiServices.swift */,
				1EC21776285E68C400856354 /* NetworkManager.swift */,
			);
			path = "Network Service";
			sourceTree = "<group>";
		};
		1EC21778285E693400856354 /* Utilitis */ = {
			isa = PBXGroup;
			children = (
				1EC21779285E694F00856354 /* JsonDecoder.swift */,
			);
			path = Utilitis;
			sourceTree = "<group>";
		};
		1EC2177B285E6A3200856354 /* Contracts */ = {
			isa = PBXGroup;
			children = (
				1EC2177C285E6A5900856354 /* IMainContract.swift */,
				1EF1BA46285F9895003E9839 /* ILeagueContract.swift */,
				1EEDEC3E28608C9700F28FFD /* ILeagueDetailsContract.swift */,
				1EDCD3B028625CD0008538FF /* IFavouriteLeagueContract.swift */,
			);
			path = Contracts;
			sourceTree = "<group>";
		};
		1EC2177E285E6AD500856354 /* ModelController */ = {
			isa = PBXGroup;
			children = (
				1EC2177F285E6AF800856354 /* MainModelController.swift */,
				1EF1BA48285F9935003E9839 /* LeagueModelController.swift */,
				1EEDEC4028608D7F00F28FFD /* LeagueDetailsModelController.swift */,
				1EDCD3B228625D74008538FF /* FavouriteLeagueModelController.swift */,
			);
			path = ModelController;
			sourceTree = "<group>";
		};
		1EC21781285E6BDC00856354 /* Presenter */ = {
			isa = PBXGroup;
			children = (
				1EC21782285E6C1200856354 /* MainPresenter.swift */,
				1EF1BA4A285F9B7A003E9839 /* LeaguePresnter.swift */,
				1EEDEC4228608EDD00F28FFD /* LeagueDetailsPresnter.swift */,
				1EDCD3B428625F7D008538FF /* FavouriteLeaguePresenter.swift */,
			);
			path = Presenter;
			sourceTree = "<group>";
		};
		1ED04D3F2867233E001B4F0D /* Core */ = {
			isa = PBXGroup;
			children = (
				1EC21750285E5DF600856354 /* SceneDelegate.swift */,
				1EC2174E285E5DF600856354 /* AppDelegate.swift */,
			);
			path = Core;
			sourceTree = "<group>";
		};
		1ED04D40286723A9001B4F0D /* Views */ = {
			isa = PBXGroup;
			children = (
				1ED04D4628672506001B4F0D /* SplashScreen */,
				1ED04D4528672491001B4F0D /* TeamDetailsScreen */,
				1ED04D442867245D001B4F0D /* LeagueDetailsScreen */,
				1ED04D4328672419001B4F0D /* LeagueScreen */,
				1ED04D42286723F2001B4F0D /* FavouriteScreen */,
				1ED04D41286723BC001B4F0D /* MainScreen */,
			);
			path = Views;
			sourceTree = "<group>";
		};
		1ED04D41286723BC001B4F0D /* MainScreen */ = {
			isa = PBXGroup;
			children = (
				1EC21767285E617D00856354 /* MainCollectionViewController.swift */,
				1EC21769285E61AB00856354 /* MainCollectionViewCell.swift */,
				1EC2176A285E61AB00856354 /* MainCollectionViewCell.xib */,
			);
			path = MainScreen;
			sourceTree = "<group>";
		};
		1ED04D42286723F2001B4F0D /* FavouriteScreen */ = {
			isa = PBXGroup;
			children = (
				1EDCD3AC286259FC008538FF /* FavouritesViewController.swift */,
			);
			path = FavouriteScreen;
			sourceTree = "<group>";
		};
		1ED04D4328672419001B4F0D /* LeagueScreen */ = {
			isa = PBXGroup;
			children = (
				1EE7A86A2863CD6B005D8631 /* LeagueView.swift */,
				1EDE18B2285E9ABE00D048A2 /* LeaguesTableViewController.swift */,
				1EDE18B4285E9B1500D048A2 /* LeagueTableViewCell.swift */,
				1EDE18B5285E9B1500D048A2 /* LeagueTableViewCell.xib */,
			);
			path = LeagueScreen;
			sourceTree = "<group>";
		};
		1ED04D442867245D001B4F0D /* LeagueDetailsScreen */ = {
			isa = PBXGroup;
			children = (
				1EC21752285E5DF600856354 /* LeagueDetailsViewController.swift */,
				1EEDEC342860807F00F28FFD /* UpcomingEventsCollectionViewCell.swift */,
				1EEDEC352860807F00F28FFD /* UpcomingEventsCollectionViewCell.xib */,
				1EEDEC382860842100F28FFD /* LatestResultTableViewCell.swift */,
				1EEDEC392860842100F28FFD /* LatestResultTableViewCell.xib */,
				1EE1A05028613BD900F90877 /* TeamCollectionViewCell.swift */,
				1EE1A05128613BD900F90877 /* TeamCollectionViewCell.xib */,
			);
			path = LeagueDetailsScreen;
			sourceTree = "<group>";
		};
		1ED04D4528672491001B4F0D /* TeamDetailsScreen */ = {
			isa = PBXGroup;
			children = (
				1E3A2F012861DA2200DE36B8 /* TeamDetailsViewController.swift */,
			);
			path = TeamDetailsScreen;
			sourceTree = "<group>";
		};
		1ED04D4628672506001B4F0D /* SplashScreen */ = {
			isa = PBXGroup;
			children = (
				1EC2175C285E5DFA00856354 /* LaunchScreen.storyboard */,
			);
			path = SplashScreen;
			sourceTree = "<group>";
		};
		1EF2A3352862373F0067AB6C /* Database Service */ = {
			isa = PBXGroup;
			children = (
				1EDCD3AE28625B8B008538FF /* DatabaseManager.swift */,
				1EDCD3B6286265C5008538FF /* DatabaseServices.swift */,
				1EF2A336286245240067AB6C /* DBManager.swift */,
			);
			path = "Database Service";
			sourceTree = "<group>";
		};
		1EFA23F1286157D10070C781 /* Assets */ = {
			isa = PBXGroup;
			children = (
				1EFA23F22861582E0070C781 /* splash.json */,
				1EC2175A285E5DFA00856354 /* Assets.xcassets */,
			);
			path = Assets;
			sourceTree = "<group>";
		};
		AD71C1A0C5BFD658D92A10D7 /* Frameworks */ = {
			isa = PBXGroup;
			children = (
				F2E03ACA5E105ADFAA789AD8 /* Pods_SportsApp.framework */,
			);
			name = Frameworks;
			sourceTree = "<group>";
		};
/* End PBXGroup section */

/* Begin PBXNativeTarget section */
		1EC2174A285E5DF600856354 /* SportsApp */ = {
			isa = PBXNativeTarget;
			buildConfigurationList = 1EC21762285E5DFA00856354 /* Build configuration list for PBXNativeTarget "SportsApp" */;
			buildPhases = (
				BE47C76409006AD129E2DAFC /* [CP] Check Pods Manifest.lock */,
				1EC21747285E5DF600856354 /* Sources */,
				1EC21748285E5DF600856354 /* Frameworks */,
				1EC21749285E5DF600856354 /* Resources */,
				52C401336B091B47E8E44325 /* [CP] Embed Pods Frameworks */,
			);
			buildRules = (
			);
			dependencies = (
			);
			name = SportsApp;
			productName = SportsApp;
			productReference = 1EC2174B285E5DF600856354 /* SportsApp.app */;
			productType = "com.apple.product-type.application";
		};
/* End PBXNativeTarget section */

/* Begin PBXProject section */
		1EC21743285E5DF600856354 /* Project object */ = {
			isa = PBXProject;
			attributes = {
				LastSwiftUpdateCheck = 1130;
				LastUpgradeCheck = 1130;
				ORGANIZATIONNAME = "Mina Ezzat";
				TargetAttributes = {
					1EC2174A285E5DF600856354 = {
						CreatedOnToolsVersion = 11.3.1;
					};
				};
			};
			buildConfigurationList = 1EC21746285E5DF600856354 /* Build configuration list for PBXProject "SportsApp" */;
			compatibilityVersion = "Xcode 9.3";
			developmentRegion = en;
			hasScannedForEncodings = 0;
			knownRegions = (
				en,
				Base,
			);
			mainGroup = 1EC21742285E5DF600856354;
			productRefGroup = 1EC2174C285E5DF600856354 /* Products */;
			projectDirPath = "";
			projectRoot = "";
			targets = (
				1EC2174A285E5DF600856354 /* SportsApp */,
			);
		};
/* End PBXProject section */

/* Begin PBXResourcesBuildPhase section */
		1EC21749285E5DF600856354 /* Resources */ = {
			isa = PBXResourcesBuildPhase;
			buildActionMask = 2147483647;
			files = (
				1EC2175E285E5DFA00856354 /* LaunchScreen.storyboard in Resources */,
				1EE1A0542861429A00F90877 /* TeamCollectionViewCell.xib in Resources */,
				1EC2175B285E5DFA00856354 /* Assets.xcassets in Resources */,
				1EEDEC3B2860842100F28FFD /* LatestResultTableViewCell.xib in Resources */,
				1EDE18B7285E9B1500D048A2 /* LeagueTableViewCell.xib in Resources */,
				1EEDEC372860807F00F28FFD /* UpcomingEventsCollectionViewCell.xib in Resources */,
				1EFA23F32861582E0070C781 /* splash.json in Resources */,
				1EC21756285E5DF600856354 /* Main.storyboard in Resources */,
				1EC2176C285E61AB00856354 /* MainCollectionViewCell.xib in Resources */,
			);
			runOnlyForDeploymentPostprocessing = 0;
		};
/* End PBXResourcesBuildPhase section */

/* Begin PBXShellScriptBuildPhase section */
		52C401336B091B47E8E44325 /* [CP] Embed Pods Frameworks */ = {
			isa = PBXShellScriptBuildPhase;
			buildActionMask = 2147483647;
			files = (
			);
			inputFileListPaths = (
				"${PODS_ROOT}/Target Support Files/Pods-SportsApp/Pods-SportsApp-frameworks-${CONFIGURATION}-input-files.xcfilelist",
			);
			name = "[CP] Embed Pods Frameworks";
			outputFileListPaths = (
				"${PODS_ROOT}/Target Support Files/Pods-SportsApp/Pods-SportsApp-frameworks-${CONFIGURATION}-output-files.xcfilelist",
			);
			runOnlyForDeploymentPostprocessing = 0;
			shellPath = /bin/sh;
			shellScript = "\"${PODS_ROOT}/Target Support Files/Pods-SportsApp/Pods-SportsApp-frameworks.sh\"\n";
			showEnvVarsInLog = 0;
		};
		BE47C76409006AD129E2DAFC /* [CP] Check Pods Manifest.lock */ = {
			isa = PBXShellScriptBuildPhase;
			buildActionMask = 2147483647;
			files = (
			);
			inputFileListPaths = (
			);
			inputPaths = (
				"${PODS_PODFILE_DIR_PATH}/Podfile.lock",
				"${PODS_ROOT}/Manifest.lock",
			);
			name = "[CP] Check Pods Manifest.lock";
			outputFileListPaths = (
			);
			outputPaths = (
				"$(DERIVED_FILE_DIR)/Pods-SportsApp-checkManifestLockResult.txt",
			);
			runOnlyForDeploymentPostprocessing = 0;
			shellPath = /bin/sh;
			shellScript = "diff \"${PODS_PODFILE_DIR_PATH}/Podfile.lock\" \"${PODS_ROOT}/Manifest.lock\" > /dev/null\nif [ $? != 0 ] ; then\n    # print error to STDERR\n    echo \"error: The sandbox is not in sync with the Podfile.lock. Run 'pod install' or update your CocoaPods installation.\" >&2\n    exit 1\nfi\n# This output is used by Xcode 'outputs' to avoid re-running this script phase.\necho \"SUCCESS\" > \"${SCRIPT_OUTPUT_FILE_0}\"\n";
			showEnvVarsInLog = 0;
		};
/* End PBXShellScriptBuildPhase section */

/* Begin PBXSourcesBuildPhase section */
		1EC21747285E5DF600856354 /* Sources */ = {
			isa = PBXSourcesBuildPhase;
			buildActionMask = 2147483647;
			files = (
				1EDCD3AF28625B8B008538FF /* DatabaseManager.swift in Sources */,
				1EEDEC4328608EDD00F28FFD /* LeagueDetailsPresnter.swift in Sources */,
				1E3A2F022861DA2200DE36B8 /* TeamDetailsViewController.swift in Sources */,
				1EC21780285E6AF800856354 /* MainModelController.swift in Sources */,
				1EEDEC3D2860888D00F28FFD /* LeagueDetails.swift in Sources */,
				1EC21774285E680F00856354 /* UrlServices.swift in Sources */,
				1EDCD3B328625D74008538FF /* FavouriteLeagueModelController.swift in Sources */,
				1EC2177A285E694F00856354 /* JsonDecoder.swift in Sources */,
				1EDCD3AD286259FC008538FF /* FavouritesViewController.swift in Sources */,
				1EDE18B3285E9ABE00D048A2 /* LeaguesTableViewController.swift in Sources */,
				1EF1BA47285F9895003E9839 /* ILeagueContract.swift in Sources */,
				1EF1BA4B285F9B7A003E9839 /* LeaguePresnter.swift in Sources */,
				1EC2176F285E678900856354 /* Sport.swift in Sources */,
				1EC21777285E68C400856354 /* NetworkManager.swift in Sources */,
				1EC21783285E6C1200856354 /* MainPresenter.swift in Sources */,
				1EEDEC3A2860842100F28FFD /* LatestResultTableViewCell.swift in Sources */,
				1EC21753285E5DF600856354 /* LeagueDetailsViewController.swift in Sources */,
				1EDCD3B128625CD0008538FF /* IFavouriteLeagueContract.swift in Sources */,
				1EE1A05228613BD900F90877 /* TeamCollectionViewCell.swift in Sources */,
				1EEDEC362860807F00F28FFD /* UpcomingEventsCollectionViewCell.swift in Sources */,
				1EC21772285E67FF00856354 /* ApiServices.swift in Sources */,
				1EC2176B285E61AB00856354 /* MainCollectionViewCell.swift in Sources */,
				1EDE18B6285E9B1500D048A2 /* LeagueTableViewCell.swift in Sources */,
				1EE7A86B2863CD6B005D8631 /* LeagueView.swift in Sources */,
				1EDCD3B528625F7D008538FF /* FavouriteLeaguePresenter.swift in Sources */,
				1EC21768285E617D00856354 /* MainCollectionViewController.swift in Sources */,
				1EE1A04F28612ED800F90877 /* Team.swift in Sources */,
				1EEDEC4128608D7F00F28FFD /* LeagueDetailsModelController.swift in Sources */,
				1EC2174F285E5DF600856354 /* AppDelegate.swift in Sources */,
				1EC21759285E5DF600856354 /* SportsApp.xcdatamodeld in Sources */,
				1EF1BA45285F9615003E9839 /* League.swift in Sources */,
				1EF2A337286245240067AB6C /* DBManager.swift in Sources */,
				1EC2177D285E6A5900856354 /* IMainContract.swift in Sources */,
				1EF1BA49285F9935003E9839 /* LeagueModelController.swift in Sources */,
				1EC21751285E5DF600856354 /* SceneDelegate.swift in Sources */,
				1EDCD3B7286265C5008538FF /* DatabaseServices.swift in Sources */,
				1EEDEC3F28608C9700F28FFD /* ILeagueDetailsContract.swift in Sources */,
			);
			runOnlyForDeploymentPostprocessing = 0;
		};
/* End PBXSourcesBuildPhase section */

/* Begin PBXVariantGroup section */
		1EC21754285E5DF600856354 /* Main.storyboard */ = {
			isa = PBXVariantGroup;
			children = (
				1EC21755285E5DF600856354 /* Base */,
			);
			name = Main.storyboard;
			sourceTree = "<group>";
		};
		1EC2175C285E5DFA00856354 /* LaunchScreen.storyboard */ = {
			isa = PBXVariantGroup;
			children = (
				1EC2175D285E5DFA00856354 /* Base */,
			);
			name = LaunchScreen.storyboard;
			sourceTree = "<group>";
		};
/* End PBXVariantGroup section */

/* Begin XCBuildConfiguration section */
		1EC21760285E5DFA00856354 /* Debug */ = {
			isa = XCBuildConfiguration;
			buildSettings = {
				ALWAYS_SEARCH_USER_PATHS = NO;
				CLANG_ANALYZER_NONNULL = YES;
				CLANG_ANALYZER_NUMBER_OBJECT_CONVERSION = YES_AGGRESSIVE;
				CLANG_CXX_LANGUAGE_STANDARD = "gnu++14";
				CLANG_CXX_LIBRARY = "libc++";
				CLANG_ENABLE_MODULES = YES;
				CLANG_ENABLE_OBJC_ARC = YES;
				CLANG_ENABLE_OBJC_WEAK = YES;
				CLANG_WARN_BLOCK_CAPTURE_AUTORELEASING = YES;
				CLANG_WARN_BOOL_CONVERSION = YES;
				CLANG_WARN_COMMA = YES;
				CLANG_WARN_CONSTANT_CONVERSION = YES;
				CLANG_WARN_DEPRECATED_OBJC_IMPLEMENTATIONS = YES;
				CLANG_WARN_DIRECT_OBJC_ISA_USAGE = YES_ERROR;
				CLANG_WARN_DOCUMENTATION_COMMENTS = YES;
				CLANG_WARN_EMPTY_BODY = YES;
				CLANG_WARN_ENUM_CONVERSION = YES;
				CLANG_WARN_INFINITE_RECURSION = YES;
				CLANG_WARN_INT_CONVERSION = YES;
				CLANG_WARN_NON_LITERAL_NULL_CONVERSION = YES;
				CLANG_WARN_OBJC_IMPLICIT_RETAIN_SELF = YES;
				CLANG_WARN_OBJC_LITERAL_CONVERSION = YES;
				CLANG_WARN_OBJC_ROOT_CLASS = YES_ERROR;
				CLANG_WARN_RANGE_LOOP_ANALYSIS = YES;
				CLANG_WARN_STRICT_PROTOTYPES = YES;
				CLANG_WARN_SUSPICIOUS_MOVE = YES;
				CLANG_WARN_UNGUARDED_AVAILABILITY = YES_AGGRESSIVE;
				CLANG_WARN_UNREACHABLE_CODE = YES;
				CLANG_WARN__DUPLICATE_METHOD_MATCH = YES;
				COPY_PHASE_STRIP = NO;
				DEBUG_INFORMATION_FORMAT = dwarf;
				ENABLE_STRICT_OBJC_MSGSEND = YES;
				ENABLE_TESTABILITY = YES;
				GCC_C_LANGUAGE_STANDARD = gnu11;
				GCC_DYNAMIC_NO_PIC = NO;
				GCC_NO_COMMON_BLOCKS = YES;
				GCC_OPTIMIZATION_LEVEL = 0;
				GCC_PREPROCESSOR_DEFINITIONS = (
					"DEBUG=1",
					"$(inherited)",
				);
				GCC_WARN_64_TO_32_BIT_CONVERSION = YES;
				GCC_WARN_ABOUT_RETURN_TYPE = YES_ERROR;
				GCC_WARN_UNDECLARED_SELECTOR = YES;
				GCC_WARN_UNINITIALIZED_AUTOS = YES_AGGRESSIVE;
				GCC_WARN_UNUSED_FUNCTION = YES;
				GCC_WARN_UNUSED_VARIABLE = YES;
				IPHONEOS_DEPLOYMENT_TARGET = 13.2;
				MTL_ENABLE_DEBUG_INFO = INCLUDE_SOURCE;
				MTL_FAST_MATH = YES;
				ONLY_ACTIVE_ARCH = YES;
				SDKROOT = iphoneos;
				SWIFT_ACTIVE_COMPILATION_CONDITIONS = DEBUG;
				SWIFT_OPTIMIZATION_LEVEL = "-Onone";
			};
			name = Debug;
		};
		1EC21761285E5DFA00856354 /* Release */ = {
			isa = XCBuildConfiguration;
			buildSettings = {
				ALWAYS_SEARCH_USER_PATHS = NO;
				CLANG_ANALYZER_NONNULL = YES;
				CLANG_ANALYZER_NUMBER_OBJECT_CONVERSION = YES_AGGRESSIVE;
				CLANG_CXX_LANGUAGE_STANDARD = "gnu++14";
				CLANG_CXX_LIBRARY = "libc++";
				CLANG_ENABLE_MODULES = YES;
				CLANG_ENABLE_OBJC_ARC = YES;
				CLANG_ENABLE_OBJC_WEAK = YES;
				CLANG_WARN_BLOCK_CAPTURE_AUTORELEASING = YES;
				CLANG_WARN_BOOL_CONVERSION = YES;
				CLANG_WARN_COMMA = YES;
				CLANG_WARN_CONSTANT_CONVERSION = YES;
				CLANG_WARN_DEPRECATED_OBJC_IMPLEMENTATIONS = YES;
				CLANG_WARN_DIRECT_OBJC_ISA_USAGE = YES_ERROR;
				CLANG_WARN_DOCUMENTATION_COMMENTS = YES;
				CLANG_WARN_EMPTY_BODY = YES;
				CLANG_WARN_ENUM_CONVERSION = YES;
				CLANG_WARN_INFINITE_RECURSION = YES;
				CLANG_WARN_INT_CONVERSION = YES;
				CLANG_WARN_NON_LITERAL_NULL_CONVERSION = YES;
				CLANG_WARN_OBJC_IMPLICIT_RETAIN_SELF = YES;
				CLANG_WARN_OBJC_LITERAL_CONVERSION = YES;
				CLANG_WARN_OBJC_ROOT_CLASS = YES_ERROR;
				CLANG_WARN_RANGE_LOOP_ANALYSIS = YES;
				CLANG_WARN_STRICT_PROTOTYPES = YES;
				CLANG_WARN_SUSPICIOUS_MOVE = YES;
				CLANG_WARN_UNGUARDED_AVAILABILITY = YES_AGGRESSIVE;
				CLANG_WARN_UNREACHABLE_CODE = YES;
				CLANG_WARN__DUPLICATE_METHOD_MATCH = YES;
				COPY_PHASE_STRIP = NO;
				DEBUG_INFORMATION_FORMAT = "dwarf-with-dsym";
				ENABLE_NS_ASSERTIONS = NO;
				ENABLE_STRICT_OBJC_MSGSEND = YES;
				GCC_C_LANGUAGE_STANDARD = gnu11;
				GCC_NO_COMMON_BLOCKS = YES;
				GCC_WARN_64_TO_32_BIT_CONVERSION = YES;
				GCC_WARN_ABOUT_RETURN_TYPE = YES_ERROR;
				GCC_WARN_UNDECLARED_SELECTOR = YES;
				GCC_WARN_UNINITIALIZED_AUTOS = YES_AGGRESSIVE;
				GCC_WARN_UNUSED_FUNCTION = YES;
				GCC_WARN_UNUSED_VARIABLE = YES;
				IPHONEOS_DEPLOYMENT_TARGET = 13.2;
				MTL_ENABLE_DEBUG_INFO = NO;
				MTL_FAST_MATH = YES;
				SDKROOT = iphoneos;
				SWIFT_COMPILATION_MODE = wholemodule;
				SWIFT_OPTIMIZATION_LEVEL = "-O";
				VALIDATE_PRODUCT = YES;
			};
			name = Release;
		};
		1EC21763285E5DFA00856354 /* Debug */ = {
			isa = XCBuildConfiguration;
			baseConfigurationReference = 1827BDDA33C360EC0FAC1B48 /* Pods-SportsApp.debug.xcconfig */;
			buildSettings = {
				ASSETCATALOG_COMPILER_APPICON_NAME = AppIcon;
				CODE_SIGN_STYLE = Automatic;
				INFOPLIST_FILE = SportsApp/Info.plist;
				LD_RUNPATH_SEARCH_PATHS = (
					"$(inherited)",
					"@executable_path/Frameworks",
				);
				PRODUCT_BUNDLE_IDENTIFIER = Ezzat.SportsApp;
				PRODUCT_NAME = "$(TARGET_NAME)";
				SWIFT_VERSION = 5.0;
				TARGETED_DEVICE_FAMILY = "1,2";
			};
			name = Debug;
		};
		1EC21764285E5DFA00856354 /* Release */ = {
			isa = XCBuildConfiguration;
			baseConfigurationReference = 2A86FFC8750C783EF2F38C8F /* Pods-SportsApp.release.xcconfig */;
			buildSettings = {
				ASSETCATALOG_COMPILER_APPICON_NAME = AppIcon;
				CODE_SIGN_STYLE = Automatic;
				INFOPLIST_FILE = SportsApp/Info.plist;
				LD_RUNPATH_SEARCH_PATHS = (
					"$(inherited)",
					"@executable_path/Frameworks",
				);
				PRODUCT_BUNDLE_IDENTIFIER = Ezzat.SportsApp;
				PRODUCT_NAME = "$(TARGET_NAME)";
				SWIFT_VERSION = 5.0;
				TARGETED_DEVICE_FAMILY = "1,2";
			};
			name = Release;
		};
/* End XCBuildConfiguration section */

/* Begin XCConfigurationList section */
		1EC21746285E5DF600856354 /* Build configuration list for PBXProject "SportsApp" */ = {
			isa = XCConfigurationList;
			buildConfigurations = (
				1EC21760285E5DFA00856354 /* Debug */,
				1EC21761285E5DFA00856354 /* Release */,
			);
			defaultConfigurationIsVisible = 0;
			defaultConfigurationName = Release;
		};
		1EC21762285E5DFA00856354 /* Build configuration list for PBXNativeTarget "SportsApp" */ = {
			isa = XCConfigurationList;
			buildConfigurations = (
				1EC21763285E5DFA00856354 /* Debug */,
				1EC21764285E5DFA00856354 /* Release */,
			);
			defaultConfigurationIsVisible = 0;
			defaultConfigurationName = Release;
		};
/* End XCConfigurationList section */

/* Begin XCVersionGroup section */
		1EC21757285E5DF600856354 /* SportsApp.xcdatamodeld */ = {
			isa = XCVersionGroup;
			children = (
				1EC21758285E5DF600856354 /* SportsApp.xcdatamodel */,
			);
			currentVersion = 1EC21758285E5DF600856354 /* SportsApp.xcdatamodel */;
			path = SportsApp.xcdatamodeld;
			sourceTree = "<group>";
			versionGroupType = wrapper.xcdatamodel;
		};
/* End XCVersionGroup section */
	};
	rootObject = 1EC21743285E5DF600856354 /* Project object */;
}
